// !$*UTF8*$!
{
	archiveVersion = 1;
	classes = {
	};
	objectVersion = 55;
	objects = {

/* Begin PBXBuildFile section */
		71126F94290A59DF001A4FA4 /* Stories.swift in Sources */ = {isa = PBXBuildFile; fileRef = 71126F93290A59DF001A4FA4 /* Stories.swift */; };
		71126F96290A5A57001A4FA4 /* Post.swift in Sources */ = {isa = PBXBuildFile; fileRef = 71126F95290A5A57001A4FA4 /* Post.swift */; };
		713B8FFA290346F4004C0511 /* NSMutableAttributedString.swift in Sources */ = {isa = PBXBuildFile; fileRef = 713B8FF9290346F4004C0511 /* NSMutableAttributedString.swift */; };
		7170270429073A140098CBB7 /* StoriesCollectionViewCell.swift in Sources */ = {isa = PBXBuildFile; fileRef = 7170270229073A140098CBB7 /* StoriesCollectionViewCell.swift */; };
		7170270529073A140098CBB7 /* StoriesCollectionViewCell.xib in Resources */ = {isa = PBXBuildFile; fileRef = 7170270329073A140098CBB7 /* StoriesCollectionViewCell.xib */; };
		717027082907556E0098CBB7 /* PostCollectionViewCell.swift in Sources */ = {isa = PBXBuildFile; fileRef = 717027062907556E0098CBB7 /* PostCollectionViewCell.swift */; };
		717027092907556E0098CBB7 /* PostCollectionViewCell.xib in Resources */ = {isa = PBXBuildFile; fileRef = 717027072907556E0098CBB7 /* PostCollectionViewCell.xib */; };
		7170270B290763620098CBB7 /* PesonInfoTableViewCell.swift in Sources */ = {isa = PBXBuildFile; fileRef = 7170270A290763620098CBB7 /* PesonInfoTableViewCell.swift */; };
		717258392906143900FC432C /* PersonalViewController.swift in Sources */ = {isa = PBXBuildFile; fileRef = 717258382906143900FC432C /* PersonalViewController.swift */; };
		7172585329061F2C00FC432C /* PesonInfoTableViewCell.xib in Resources */ = {isa = PBXBuildFile; fileRef = 7172585129061F2C00FC432C /* PesonInfoTableViewCell.xib */; };
		7172585829061F5C00FC432C /* PersonDescTableViewCell.swift in Sources */ = {isa = PBXBuildFile; fileRef = 7172585629061F5C00FC432C /* PersonDescTableViewCell.swift */; };
		7172585929061F5C00FC432C /* PersonDescTableViewCell.xib in Resources */ = {isa = PBXBuildFile; fileRef = 7172585729061F5C00FC432C /* PersonDescTableViewCell.xib */; };
		7172585E29061F7E00FC432C /* PersonStoriesTableViewCell.swift in Sources */ = {isa = PBXBuildFile; fileRef = 7172585C29061F7E00FC432C /* PersonStoriesTableViewCell.swift */; };
		7172585F29061F7E00FC432C /* PersonStoriesTableViewCell.xib in Resources */ = {isa = PBXBuildFile; fileRef = 7172585D29061F7E00FC432C /* PersonStoriesTableViewCell.xib */; };
		7172586229061F9300FC432C /* PersonPostTableViewCell.swift in Sources */ = {isa = PBXBuildFile; fileRef = 7172586029061F9300FC432C /* PersonPostTableViewCell.swift */; };
		7172586329061F9300FC432C /* PersonPostTableViewCell.xib in Resources */ = {isa = PBXBuildFile; fileRef = 7172586129061F9300FC432C /* PersonPostTableViewCell.xib */; };
		71C073BB29028A8F009D9C78 /* RecentlyViewController.swift in Sources */ = {isa = PBXBuildFile; fileRef = 71C073BA29028A8F009D9C78 /* RecentlyViewController.swift */; };
		71C073C22902A66A009D9C78 /* TodayTableViewCell.swift in Sources */ = {isa = PBXBuildFile; fileRef = 71C073C02902A66A009D9C78 /* TodayTableViewCell.swift */; };
		71C073C32902A66A009D9C78 /* TodayTableViewCell.xib in Resources */ = {isa = PBXBuildFile; fileRef = 71C073C12902A66A009D9C78 /* TodayTableViewCell.xib */; };
		71C073C82902B0EC009D9C78 /* WeekTableViewCell.swift in Sources */ = {isa = PBXBuildFile; fileRef = 71C073C62902B0EC009D9C78 /* WeekTableViewCell.swift */; };
		71C073C92902B0EC009D9C78 /* WeekTableViewCell.xib in Resources */ = {isa = PBXBuildFile; fileRef = 71C073C72902B0EC009D9C78 /* WeekTableViewCell.xib */; };
		71C073CD2902B24D009D9C78 /* Recently.swift in Sources */ = {isa = PBXBuildFile; fileRef = 71C073CC2902B24D009D9C78 /* Recently.swift */; };
		71FB27E7290141D1001E6D15 /* AppDelegate.swift in Sources */ = {isa = PBXBuildFile; fileRef = 71FB27E6290141D1001E6D15 /* AppDelegate.swift */; };
		71FB27E9290141D1001E6D15 /* SceneDelegate.swift in Sources */ = {isa = PBXBuildFile; fileRef = 71FB27E8290141D1001E6D15 /* SceneDelegate.swift */; };
		71FB27F3290141D2001E6D15 /* LaunchScreen.storyboard in Resources */ = {isa = PBXBuildFile; fileRef = 71FB27F1290141D2001E6D15 /* LaunchScreen.storyboard */; };
		71FB27FC290144CD001E6D15 /* Colors.xcassets in Resources */ = {isa = PBXBuildFile; fileRef = 71FB27FB290144CD001E6D15 /* Colors.xcassets */; };
		71FB2800290144F7001E6D15 /* Assets.xcassets in Resources */ = {isa = PBXBuildFile; fileRef = 71FB27FF290144F7001E6D15 /* Assets.xcassets */; };
		71FB28022901473E001E6D15 /* Main.storyboard in Resources */ = {isa = PBXBuildFile; fileRef = 71FB28012901473E001E6D15 /* Main.storyboard */; };
		71FB28082901475B001E6D15 /* RibbonViewController.swift in Sources */ = {isa = PBXBuildFile; fileRef = 71FB28032901475B001E6D15 /* RibbonViewController.swift */; };
		71FB28092901475B001E6D15 /* PostTableViewCell.xib in Resources */ = {isa = PBXBuildFile; fileRef = 71FB28042901475B001E6D15 /* PostTableViewCell.xib */; };
		71FB280A2901475B001E6D15 /* RecomendationTableViewCell.swift in Sources */ = {isa = PBXBuildFile; fileRef = 71FB28052901475B001E6D15 /* RecomendationTableViewCell.swift */; };
		71FB280B2901475B001E6D15 /* PostTableViewCell.swift in Sources */ = {isa = PBXBuildFile; fileRef = 71FB28062901475B001E6D15 /* PostTableViewCell.swift */; };
		71FB280C2901475B001E6D15 /* RecomendationTableViewCell.xib in Resources */ = {isa = PBXBuildFile; fileRef = 71FB28072901475B001E6D15 /* RecomendationTableViewCell.xib */; };
		71FB280F29014764001E6D15 /* StoriesTableViewCell.xib in Resources */ = {isa = PBXBuildFile; fileRef = 71FB280D29014764001E6D15 /* StoriesTableViewCell.xib */; };
		71FB281029014764001E6D15 /* StoriesTableViewCell.swift in Sources */ = {isa = PBXBuildFile; fileRef = 71FB280E29014764001E6D15 /* StoriesTableViewCell.swift */; };
/* End PBXBuildFile section */

/* Begin PBXFileReference section */
		71126F93290A59DF001A4FA4 /* Stories.swift */ = {isa = PBXFileReference; lastKnownFileType = sourcecode.swift; path = Stories.swift; sourceTree = "<group>"; };
		71126F95290A5A57001A4FA4 /* Post.swift */ = {isa = PBXFileReference; lastKnownFileType = sourcecode.swift; path = Post.swift; sourceTree = "<group>"; };
		713B8FF9290346F4004C0511 /* NSMutableAttributedString.swift */ = {isa = PBXFileReference; lastKnownFileType = sourcecode.swift; path = NSMutableAttributedString.swift; sourceTree = "<group>"; };
		7170270229073A140098CBB7 /* StoriesCollectionViewCell.swift */ = {isa = PBXFileReference; lastKnownFileType = sourcecode.swift; path = StoriesCollectionViewCell.swift; sourceTree = "<group>"; };
		7170270329073A140098CBB7 /* StoriesCollectionViewCell.xib */ = {isa = PBXFileReference; lastKnownFileType = file.xib; path = StoriesCollectionViewCell.xib; sourceTree = "<group>"; };
		717027062907556E0098CBB7 /* PostCollectionViewCell.swift */ = {isa = PBXFileReference; lastKnownFileType = sourcecode.swift; path = PostCollectionViewCell.swift; sourceTree = "<group>"; };
		717027072907556E0098CBB7 /* PostCollectionViewCell.xib */ = {isa = PBXFileReference; lastKnownFileType = file.xib; path = PostCollectionViewCell.xib; sourceTree = "<group>"; };
		7170270A290763620098CBB7 /* PesonInfoTableViewCell.swift */ = {isa = PBXFileReference; fileEncoding = 4; lastKnownFileType = sourcecode.swift; path = PesonInfoTableViewCell.swift; sourceTree = "<group>"; };
		717258382906143900FC432C /* PersonalViewController.swift */ = {isa = PBXFileReference; lastKnownFileType = sourcecode.swift; path = PersonalViewController.swift; sourceTree = "<group>"; };
		7172585129061F2C00FC432C /* PesonInfoTableViewCell.xib */ = {isa = PBXFileReference; lastKnownFileType = file.xib; path = PesonInfoTableViewCell.xib; sourceTree = "<group>"; };
		7172585629061F5C00FC432C /* PersonDescTableViewCell.swift */ = {isa = PBXFileReference; lastKnownFileType = sourcecode.swift; path = PersonDescTableViewCell.swift; sourceTree = "<group>"; };
		7172585729061F5C00FC432C /* PersonDescTableViewCell.xib */ = {isa = PBXFileReference; lastKnownFileType = file.xib; path = PersonDescTableViewCell.xib; sourceTree = "<group>"; };
		7172585C29061F7E00FC432C /* PersonStoriesTableViewCell.swift */ = {isa = PBXFileReference; lastKnownFileType = sourcecode.swift; path = PersonStoriesTableViewCell.swift; sourceTree = "<group>"; };
		7172585D29061F7E00FC432C /* PersonStoriesTableViewCell.xib */ = {isa = PBXFileReference; lastKnownFileType = file.xib; path = PersonStoriesTableViewCell.xib; sourceTree = "<group>"; };
		7172586029061F9300FC432C /* PersonPostTableViewCell.swift */ = {isa = PBXFileReference; lastKnownFileType = sourcecode.swift; path = PersonPostTableViewCell.swift; sourceTree = "<group>"; };
		7172586129061F9300FC432C /* PersonPostTableViewCell.xib */ = {isa = PBXFileReference; lastKnownFileType = file.xib; path = PersonPostTableViewCell.xib; sourceTree = "<group>"; };
		71C073BA29028A8F009D9C78 /* RecentlyViewController.swift */ = {isa = PBXFileReference; lastKnownFileType = sourcecode.swift; path = RecentlyViewController.swift; sourceTree = "<group>"; };
		71C073C02902A66A009D9C78 /* TodayTableViewCell.swift */ = {isa = PBXFileReference; lastKnownFileType = sourcecode.swift; path = TodayTableViewCell.swift; sourceTree = "<group>"; };
		71C073C12902A66A009D9C78 /* TodayTableViewCell.xib */ = {isa = PBXFileReference; lastKnownFileType = file.xib; path = TodayTableViewCell.xib; sourceTree = "<group>"; };
		71C073C62902B0EC009D9C78 /* WeekTableViewCell.swift */ = {isa = PBXFileReference; lastKnownFileType = sourcecode.swift; path = WeekTableViewCell.swift; sourceTree = "<group>"; };
		71C073C72902B0EC009D9C78 /* WeekTableViewCell.xib */ = {isa = PBXFileReference; lastKnownFileType = file.xib; path = WeekTableViewCell.xib; sourceTree = "<group>"; };
		71C073CC2902B24D009D9C78 /* Recently.swift */ = {isa = PBXFileReference; lastKnownFileType = sourcecode.swift; path = Recently.swift; sourceTree = "<group>"; };
		71FB27E3290141D1001E6D15 /* instHWWWW.app */ = {isa = PBXFileReference; explicitFileType = wrapper.application; includeInIndex = 0; path = instHWWWW.app; sourceTree = BUILT_PRODUCTS_DIR; };
		71FB27E6290141D1001E6D15 /* AppDelegate.swift */ = {isa = PBXFileReference; lastKnownFileType = sourcecode.swift; path = AppDelegate.swift; sourceTree = "<group>"; };
		71FB27E8290141D1001E6D15 /* SceneDelegate.swift */ = {isa = PBXFileReference; lastKnownFileType = sourcecode.swift; path = SceneDelegate.swift; sourceTree = "<group>"; };
		71FB27F2290141D2001E6D15 /* Base */ = {isa = PBXFileReference; lastKnownFileType = file.storyboard; name = Base; path = Base.lproj/LaunchScreen.storyboard; sourceTree = "<group>"; };
		71FB27F4290141D2001E6D15 /* Info.plist */ = {isa = PBXFileReference; lastKnownFileType = text.plist.xml; path = Info.plist; sourceTree = "<group>"; };
		71FB27FB290144CD001E6D15 /* Colors.xcassets */ = {isa = PBXFileReference; lastKnownFileType = folder.assetcatalog; path = Colors.xcassets; sourceTree = "<group>"; };
		71FB27FF290144F7001E6D15 /* Assets.xcassets */ = {isa = PBXFileReference; lastKnownFileType = folder.assetcatalog; path = Assets.xcassets; sourceTree = "<group>"; };
		71FB28012901473E001E6D15 /* Main.storyboard */ = {isa = PBXFileReference; fileEncoding = 4; lastKnownFileType = file.storyboard; path = Main.storyboard; sourceTree = "<group>"; };
		71FB28032901475B001E6D15 /* RibbonViewController.swift */ = {isa = PBXFileReference; fileEncoding = 4; lastKnownFileType = sourcecode.swift; path = RibbonViewController.swift; sourceTree = "<group>"; };
		71FB28042901475B001E6D15 /* PostTableViewCell.xib */ = {isa = PBXFileReference; fileEncoding = 4; lastKnownFileType = file.xib; path = PostTableViewCell.xib; sourceTree = "<group>"; };
		71FB28052901475B001E6D15 /* RecomendationTableViewCell.swift */ = {isa = PBXFileReference; fileEncoding = 4; lastKnownFileType = sourcecode.swift; path = RecomendationTableViewCell.swift; sourceTree = "<group>"; };
		71FB28062901475B001E6D15 /* PostTableViewCell.swift */ = {isa = PBXFileReference; fileEncoding = 4; lastKnownFileType = sourcecode.swift; path = PostTableViewCell.swift; sourceTree = "<group>"; };
		71FB28072901475B001E6D15 /* RecomendationTableViewCell.xib */ = {isa = PBXFileReference; fileEncoding = 4; lastKnownFileType = file.xib; path = RecomendationTableViewCell.xib; sourceTree = "<group>"; };
		71FB280D29014764001E6D15 /* StoriesTableViewCell.xib */ = {isa = PBXFileReference; fileEncoding = 4; lastKnownFileType = file.xib; path = StoriesTableViewCell.xib; sourceTree = "<group>"; };
		71FB280E29014764001E6D15 /* StoriesTableViewCell.swift */ = {isa = PBXFileReference; fileEncoding = 4; lastKnownFileType = sourcecode.swift; path = StoriesTableViewCell.swift; sourceTree = "<group>"; };
/* End PBXFileReference section */

/* Begin PBXFrameworksBuildPhase section */
		71FB27E0290141D1001E6D15 /* Frameworks */ = {
			isa = PBXFrameworksBuildPhase;
			buildActionMask = 2147483647;
			files = (
			);
			runOnlyForDeploymentPostprocessing = 0;
		};
/* End PBXFrameworksBuildPhase section */

/* Begin PBXGroup section */
		713B8FF8290346DE004C0511 /* Extension */ = {
			isa = PBXGroup;
			children = (
				713B8FF9290346F4004C0511 /* NSMutableAttributedString.swift */,
			);
			path = Extension;
			sourceTree = "<group>";
		};
		717258372906140D00FC432C /* PersonalScreen */ = {
			isa = PBXGroup;
			children = (
				717258382906143900FC432C /* PersonalViewController.swift */,
				7172585129061F2C00FC432C /* PesonInfoTableViewCell.xib */,
				7170270A290763620098CBB7 /* PesonInfoTableViewCell.swift */,
				7172585629061F5C00FC432C /* PersonDescTableViewCell.swift */,
				7172585729061F5C00FC432C /* PersonDescTableViewCell.xib */,
				7170270229073A140098CBB7 /* StoriesCollectionViewCell.swift */,
				7170270329073A140098CBB7 /* StoriesCollectionViewCell.xib */,
				7172585C29061F7E00FC432C /* PersonStoriesTableViewCell.swift */,
				7172585D29061F7E00FC432C /* PersonStoriesTableViewCell.xib */,
				7172586029061F9300FC432C /* PersonPostTableViewCell.swift */,
				7172586129061F9300FC432C /* PersonPostTableViewCell.xib */,
				717027062907556E0098CBB7 /* PostCollectionViewCell.swift */,
				717027072907556E0098CBB7 /* PostCollectionViewCell.xib */,
			);
			path = PersonalScreen;
			sourceTree = "<group>";
		};
		71C073C42902B0A9009D9C78 /* RibbonScreen */ = {
			isa = PBXGroup;
			children = (
				71FB28032901475B001E6D15 /* RibbonViewController.swift */,
				71FB28062901475B001E6D15 /* PostTableViewCell.swift */,
				71FB28042901475B001E6D15 /* PostTableViewCell.xib */,
				71FB280E29014764001E6D15 /* StoriesTableViewCell.swift */,
				71FB280D29014764001E6D15 /* StoriesTableViewCell.xib */,
				71FB28052901475B001E6D15 /* RecomendationTableViewCell.swift */,
				71FB28072901475B001E6D15 /* RecomendationTableViewCell.xib */,
			);
			path = RibbonScreen;
			sourceTree = "<group>";
		};
		71C073C52902B0CD009D9C78 /* RecentlyScreen */ = {
			isa = PBXGroup;
			children = (
				71C073BA29028A8F009D9C78 /* RecentlyViewController.swift */,
				71C073C02902A66A009D9C78 /* TodayTableViewCell.swift */,
				71C073C12902A66A009D9C78 /* TodayTableViewCell.xib */,
				71C073C62902B0EC009D9C78 /* WeekTableViewCell.swift */,
				71C073C72902B0EC009D9C78 /* WeekTableViewCell.xib */,
			);
			path = RecentlyScreen;
			sourceTree = "<group>";
		};
		71C073CA2902B1A9009D9C78 /* Views */ = {
			isa = PBXGroup;
			children = (
				717258372906140D00FC432C /* PersonalScreen */,
				71C073C52902B0CD009D9C78 /* RecentlyScreen */,
				71C073C42902B0A9009D9C78 /* RibbonScreen */,
			);
			path = Views;
			sourceTree = "<group>";
		};
		71C073CB2902B1C6009D9C78 /* Models */ = {
			isa = PBXGroup;
			children = (
				71C073CC2902B24D009D9C78 /* Recently.swift */,
				71126F93290A59DF001A4FA4 /* Stories.swift */,
				71126F95290A5A57001A4FA4 /* Post.swift */,
			);
			path = Models;
			sourceTree = "<group>";
		};
		71FB27DA290141D1001E6D15 = {
			isa = PBXGroup;
			children = (
				71FB27E5290141D1001E6D15 /* instHWWWW */,
				71FB27E4290141D1001E6D15 /* Products */,
			);
			sourceTree = "<group>";
		};
		71FB27E4290141D1001E6D15 /* Products */ = {
			isa = PBXGroup;
			children = (
				71FB27E3290141D1001E6D15 /* instHWWWW.app */,
			);
			name = Products;
			sourceTree = "<group>";
		};
		71FB27E5290141D1001E6D15 /* instHWWWW */ = {
			isa = PBXGroup;
			children = (
				71FB27E6290141D1001E6D15 /* AppDelegate.swift */,
				71FB27E8290141D1001E6D15 /* SceneDelegate.swift */,
				713B8FF8290346DE004C0511 /* Extension */,
				71C073CB2902B1C6009D9C78 /* Models */,
				71C073CA2902B1A9009D9C78 /* Views */,
				71FB28012901473E001E6D15 /* Main.storyboard */,
				71FB27FB290144CD001E6D15 /* Colors.xcassets */,
				71FB27FF290144F7001E6D15 /* Assets.xcassets */,
				71FB27F1290141D2001E6D15 /* LaunchScreen.storyboard */,
				71FB27F4290141D2001E6D15 /* Info.plist */,
			);
			path = instHWWWW;
			sourceTree = "<group>";
		};
/* End PBXGroup section */

/* Begin PBXNativeTarget section */
		71FB27E2290141D1001E6D15 /* instHWWWW */ = {
			isa = PBXNativeTarget;
			buildConfigurationList = 71FB27F7290141D2001E6D15 /* Build configuration list for PBXNativeTarget "instHWWWW" */;
			buildPhases = (
				71FB27DF290141D1001E6D15 /* Sources */,
				71FB27E0290141D1001E6D15 /* Frameworks */,
				71FB27E1290141D1001E6D15 /* Resources */,
				71FB27FA2901425F001E6D15 /* ShellScript */,
			);
			buildRules = (
			);
			dependencies = (
			);
			name = instHWWWW;
			productName = instHWWWW;
			productReference = 71FB27E3290141D1001E6D15 /* instHWWWW.app */;
			productType = "com.apple.product-type.application";
		};
/* End PBXNativeTarget section */

/* Begin PBXProject section */
		71FB27DB290141D1001E6D15 /* Project object */ = {
			isa = PBXProject;
			attributes = {
				BuildIndependentTargetsInParallel = 1;
				LastSwiftUpdateCheck = 1340;
				LastUpgradeCheck = 1340;
				TargetAttributes = {
					71FB27E2290141D1001E6D15 = {
						CreatedOnToolsVersion = 13.4.1;
					};
				};
			};
			buildConfigurationList = 71FB27DE290141D1001E6D15 /* Build configuration list for PBXProject "instHWWWW" */;
			compatibilityVersion = "Xcode 13.0";
			developmentRegion = en;
			hasScannedForEncodings = 0;
			knownRegions = (
				en,
				Base,
			);
			mainGroup = 71FB27DA290141D1001E6D15;
			productRefGroup = 71FB27E4290141D1001E6D15 /* Products */;
			projectDirPath = "";
			projectRoot = "";
			targets = (
				71FB27E2290141D1001E6D15 /* instHWWWW */,
			);
		};
/* End PBXProject section */

/* Begin PBXResourcesBuildPhase section */
		71FB27E1290141D1001E6D15 /* Resources */ = {
			isa = PBXResourcesBuildPhase;
			buildActionMask = 2147483647;
			files = (
				71FB280F29014764001E6D15 /* StoriesTableViewCell.xib in Resources */,
				71FB280C2901475B001E6D15 /* RecomendationTableViewCell.xib in Resources */,
				71C073C92902B0EC009D9C78 /* WeekTableViewCell.xib in Resources */,
				7172585929061F5C00FC432C /* PersonDescTableViewCell.xib in Resources */,
				7172585329061F2C00FC432C /* PesonInfoTableViewCell.xib in Resources */,
				71FB27F3290141D2001E6D15 /* LaunchScreen.storyboard in Resources */,
				71C073C32902A66A009D9C78 /* TodayTableViewCell.xib in Resources */,
				71FB28092901475B001E6D15 /* PostTableViewCell.xib in Resources */,
				71FB27FC290144CD001E6D15 /* Colors.xcassets in Resources */,
				71FB2800290144F7001E6D15 /* Assets.xcassets in Resources */,
				7172585F29061F7E00FC432C /* PersonStoriesTableViewCell.xib in Resources */,
				7172586329061F9300FC432C /* PersonPostTableViewCell.xib in Resources */,
				7170270529073A140098CBB7 /* StoriesCollectionViewCell.xib in Resources */,
				71FB28022901473E001E6D15 /* Main.storyboard in Resources */,
				717027092907556E0098CBB7 /* PostCollectionViewCell.xib in Resources */,
			);
			runOnlyForDeploymentPostprocessing = 0;
		};
/* End PBXResourcesBuildPhase section */

/* Begin PBXShellScriptBuildPhase section */
		71FB27FA2901425F001E6D15 /* ShellScript */ = {
			isa = PBXShellScriptBuildPhase;
			buildActionMask = 2147483647;
			files = (
			);
			inputFileListPaths = (
			);
			inputPaths = (
			);
			outputFileListPaths = (
			);
			outputPaths = (
			);
			runOnlyForDeploymentPostprocessing = 0;
			shellPath = /bin/sh;
			shellScript = "# Type a script or drag a script file from your workspace to insert its path.\nif which swiftlint > /dev/null; then\n  swiftlint\nelse\n  echo \"warning: SwiftLint not installed, download from https://github.com/realm/SwiftLint\"\nfi\n";
		};
/* End PBXShellScriptBuildPhase section */

/* Begin PBXSourcesBuildPhase section */
		71FB27DF290141D1001E6D15 /* Sources */ = {
			isa = PBXSourcesBuildPhase;
			buildActionMask = 2147483647;
			files = (
				71FB280A2901475B001E6D15 /* RecomendationTableViewCell.swift in Sources */,
				71FB27E7290141D1001E6D15 /* AppDelegate.swift in Sources */,
				71126F94290A59DF001A4FA4 /* Stories.swift in Sources */,
				7170270429073A140098CBB7 /* StoriesCollectionViewCell.swift in Sources */,
				71C073C82902B0EC009D9C78 /* WeekTableViewCell.swift in Sources */,
				7172585E29061F7E00FC432C /* PersonStoriesTableViewCell.swift in Sources */,
				71FB280B2901475B001E6D15 /* PostTableViewCell.swift in Sources */,
				71FB27E9290141D1001E6D15 /* SceneDelegate.swift in Sources */,
				7170270B290763620098CBB7 /* PesonInfoTableViewCell.swift in Sources */,
				717027082907556E0098CBB7 /* PostCollectionViewCell.swift in Sources */,
				713B8FFA290346F4004C0511 /* NSMutableAttributedString.swift in Sources */,
				7172586229061F9300FC432C /* PersonPostTableViewCell.swift in Sources */,
				7172585829061F5C00FC432C /* PersonDescTableViewCell.swift in Sources */,
				71C073C22902A66A009D9C78 /* TodayTableViewCell.swift in Sources */,
				71FB28082901475B001E6D15 /* RibbonViewController.swift in Sources */,
				71FB281029014764001E6D15 /* StoriesTableViewCell.swift in Sources */,
				71C073BB29028A8F009D9C78 /* RecentlyViewController.swift in Sources */,
				717258392906143900FC432C /* PersonalViewController.swift in Sources */,
				71C073CD2902B24D009D9C78 /* Recently.swift in Sources */,
				71126F96290A5A57001A4FA4 /* Post.swift in Sources */,
			);
			runOnlyForDeploymentPostprocessing = 0;
		};
/* End PBXSourcesBuildPhase section */

/* Begin PBXVariantGroup section */
		71FB27F1290141D2001E6D15 /* LaunchScreen.storyboard */ = {
			isa = PBXVariantGroup;
			children = (
				71FB27F2290141D2001E6D15 /* Base */,
			);
			name = LaunchScreen.storyboard;
			sourceTree = "<group>";
		};
/* End PBXVariantGroup section */

/* Begin XCBuildConfiguration section */
		71FB27F5290141D2001E6D15 /* Debug */ = {
			isa = XCBuildConfiguration;
			buildSettings = {
				ALWAYS_SEARCH_USER_PATHS = NO;
				CLANG_ANALYZER_NONNULL = YES;
				CLANG_ANALYZER_NUMBER_OBJECT_CONVERSION = YES_AGGRESSIVE;
				CLANG_CXX_LANGUAGE_STANDARD = "gnu++17";
				CLANG_ENABLE_MODULES = YES;
				CLANG_ENABLE_OBJC_ARC = YES;
				CLANG_ENABLE_OBJC_WEAK = YES;
				CLANG_WARN_BLOCK_CAPTURE_AUTORELEASING = YES;
				CLANG_WARN_BOOL_CONVERSION = YES;
				CLANG_WARN_COMMA = YES;
				CLANG_WARN_CONSTANT_CONVERSION = YES;
				CLANG_WARN_DEPRECATED_OBJC_IMPLEMENTATIONS = YES;
				CLANG_WARN_DIRECT_OBJC_ISA_USAGE = YES_ERROR;
				CLANG_WARN_DOCUMENTATION_COMMENTS = YES;
				CLANG_WARN_EMPTY_BODY = YES;
				CLANG_WARN_ENUM_CONVERSION = YES;
				CLANG_WARN_INFINITE_RECURSION = YES;
				CLANG_WARN_INT_CONVERSION = YES;
				CLANG_WARN_NON_LITERAL_NULL_CONVERSION = YES;
				CLANG_WARN_OBJC_IMPLICIT_RETAIN_SELF = YES;
				CLANG_WARN_OBJC_LITERAL_CONVERSION = YES;
				CLANG_WARN_OBJC_ROOT_CLASS = YES_ERROR;
				CLANG_WARN_QUOTED_INCLUDE_IN_FRAMEWORK_HEADER = YES;
				CLANG_WARN_RANGE_LOOP_ANALYSIS = YES;
				CLANG_WARN_STRICT_PROTOTYPES = YES;
				CLANG_WARN_SUSPICIOUS_MOVE = YES;
				CLANG_WARN_UNGUARDED_AVAILABILITY = YES_AGGRESSIVE;
				CLANG_WARN_UNREACHABLE_CODE = YES;
				CLANG_WARN__DUPLICATE_METHOD_MATCH = YES;
				COPY_PHASE_STRIP = NO;
				DEBUG_INFORMATION_FORMAT = dwarf;
				ENABLE_STRICT_OBJC_MSGSEND = YES;
				ENABLE_TESTABILITY = YES;
				GCC_C_LANGUAGE_STANDARD = gnu11;
				GCC_DYNAMIC_NO_PIC = NO;
				GCC_NO_COMMON_BLOCKS = YES;
				GCC_OPTIMIZATION_LEVEL = 0;
				GCC_PREPROCESSOR_DEFINITIONS = (
					"DEBUG=1",
					"$(inherited)",
				);
				GCC_WARN_64_TO_32_BIT_CONVERSION = YES;
				GCC_WARN_ABOUT_RETURN_TYPE = YES_ERROR;
				GCC_WARN_UNDECLARED_SELECTOR = YES;
				GCC_WARN_UNINITIALIZED_AUTOS = YES_AGGRESSIVE;
				GCC_WARN_UNUSED_FUNCTION = YES;
				GCC_WARN_UNUSED_VARIABLE = YES;
				IPHONEOS_DEPLOYMENT_TARGET = 15.5;
				MTL_ENABLE_DEBUG_INFO = INCLUDE_SOURCE;
				MTL_FAST_MATH = YES;
				ONLY_ACTIVE_ARCH = YES;
				SDKROOT = iphoneos;
				SWIFT_ACTIVE_COMPILATION_CONDITIONS = DEBUG;
				SWIFT_OPTIMIZATION_LEVEL = "-Onone";
			};
			name = Debug;
		};
		71FB27F6290141D2001E6D15 /* Release */ = {
			isa = XCBuildConfiguration;
			buildSettings = {
				ALWAYS_SEARCH_USER_PATHS = NO;
				CLANG_ANALYZER_NONNULL = YES;
				CLANG_ANALYZER_NUMBER_OBJECT_CONVERSION = YES_AGGRESSIVE;
				CLANG_CXX_LANGUAGE_STANDARD = "gnu++17";
				CLANG_ENABLE_MODULES = YES;
				CLANG_ENABLE_OBJC_ARC = YES;
				CLANG_ENABLE_OBJC_WEAK = YES;
				CLANG_WARN_BLOCK_CAPTURE_AUTORELEASING = YES;
				CLANG_WARN_BOOL_CONVERSION = YES;
				CLANG_WARN_COMMA = YES;
				CLANG_WARN_CONSTANT_CONVERSION = YES;
				CLANG_WARN_DEPRECATED_OBJC_IMPLEMENTATIONS = YES;
				CLANG_WARN_DIRECT_OBJC_ISA_USAGE = YES_ERROR;
				CLANG_WARN_DOCUMENTATION_COMMENTS = YES;
				CLANG_WARN_EMPTY_BODY = YES;
				CLANG_WARN_ENUM_CONVERSION = YES;
				CLANG_WARN_INFINITE_RECURSION = YES;
				CLANG_WARN_INT_CONVERSION = YES;
				CLANG_WARN_NON_LITERAL_NULL_CONVERSION = YES;
				CLANG_WARN_OBJC_IMPLICIT_RETAIN_SELF = YES;
				CLANG_WARN_OBJC_LITERAL_CONVERSION = YES;
				CLANG_WARN_OBJC_ROOT_CLASS = YES_ERROR;
				CLANG_WARN_QUOTED_INCLUDE_IN_FRAMEWORK_HEADER = YES;
				CLANG_WARN_RANGE_LOOP_ANALYSIS = YES;
				CLANG_WARN_STRICT_PROTOTYPES = YES;
				CLANG_WARN_SUSPICIOUS_MOVE = YES;
				CLANG_WARN_UNGUARDED_AVAILABILITY = YES_AGGRESSIVE;
				CLANG_WARN_UNREACHABLE_CODE = YES;
				CLANG_WARN__DUPLICATE_METHOD_MATCH = YES;
				COPY_PHASE_STRIP = NO;
				DEBUG_INFORMATION_FORMAT = "dwarf-with-dsym";
				ENABLE_NS_ASSERTIONS = NO;
				ENABLE_STRICT_OBJC_MSGSEND = YES;
				GCC_C_LANGUAGE_STANDARD = gnu11;
				GCC_NO_COMMON_BLOCKS = YES;
				GCC_WARN_64_TO_32_BIT_CONVERSION = YES;
				GCC_WARN_ABOUT_RETURN_TYPE = YES_ERROR;
				GCC_WARN_UNDECLARED_SELECTOR = YES;
				GCC_WARN_UNINITIALIZED_AUTOS = YES_AGGRESSIVE;
				GCC_WARN_UNUSED_FUNCTION = YES;
				GCC_WARN_UNUSED_VARIABLE = YES;
				IPHONEOS_DEPLOYMENT_TARGET = 15.5;
				MTL_ENABLE_DEBUG_INFO = NO;
				MTL_FAST_MATH = YES;
				SDKROOT = iphoneos;
				SWIFT_COMPILATION_MODE = wholemodule;
				SWIFT_OPTIMIZATION_LEVEL = "-O";
				VALIDATE_PRODUCT = YES;
			};
			name = Release;
		};
		71FB27F8290141D2001E6D15 /* Debug */ = {
			isa = XCBuildConfiguration;
			buildSettings = {
				ASSETCATALOG_COMPILER_APPICON_NAME = AppIcon;
				ASSETCATALOG_COMPILER_GLOBAL_ACCENT_COLOR_NAME = AccentColor;
				CODE_SIGN_STYLE = Automatic;
				CURRENT_PROJECT_VERSION = 1;
				DEVELOPMENT_TEAM = 3ZCQU6CM8M;
				GENERATE_INFOPLIST_FILE = YES;
				INFOPLIST_FILE = instHWWWW/Info.plist;
				INFOPLIST_KEY_UIApplicationSupportsIndirectInputEvents = YES;
				INFOPLIST_KEY_UILaunchStoryboardName = LaunchScreen;
				INFOPLIST_KEY_UIMainStoryboardFile = Main;
				INFOPLIST_KEY_UISupportedInterfaceOrientations_iPad = "UIInterfaceOrientationPortrait UIInterfaceOrientationPortraitUpsideDown UIInterfaceOrientationLandscapeLeft UIInterfaceOrientationLandscapeRight";
				INFOPLIST_KEY_UISupportedInterfaceOrientations_iPhone = "UIInterfaceOrientationPortrait UIInterfaceOrientationLandscapeLeft UIInterfaceOrientationLandscapeRight";
				LD_RUNPATH_SEARCH_PATHS = (
					"$(inherited)",
					"@executable_path/Frameworks",
				);
				MARKETING_VERSION = 1.0;
				PRODUCT_BUNDLE_IDENTIFIER = ezguga.instHWWWW;
				PRODUCT_NAME = "$(TARGET_NAME)";
				SWIFT_EMIT_LOC_STRINGS = YES;
				SWIFT_VERSION = 5.0;
				TARGETED_DEVICE_FAMILY = "1,2";
			};
			name = Debug;
		};
		71FB27F9290141D2001E6D15 /* Release */ = {
			isa = XCBuildConfiguration;
			buildSettings = {
				ASSETCATALOG_COMPILER_APPICON_NAME = AppIcon;
				ASSETCATALOG_COMPILER_GLOBAL_ACCENT_COLOR_NAME = AccentColor;
				CODE_SIGN_STYLE = Automatic;
				CURRENT_PROJECT_VERSION = 1;
				DEVELOPMENT_TEAM = 3ZCQU6CM8M;
				GENERATE_INFOPLIST_FILE = YES;
				INFOPLIST_FILE = instHWWWW/Info.plist;
				INFOPLIST_KEY_UIApplicationSupportsIndirectInputEvents = YES;
				INFOPLIST_KEY_UILaunchStoryboardName = LaunchScreen;
				INFOPLIST_KEY_UIMainStoryboardFile = Main;
				INFOPLIST_KEY_UISupportedInterfaceOrientations_iPad = "UIInterfaceOrientationPortrait UIInterfaceOrientationPortraitUpsideDown UIInterfaceOrientationLandscapeLeft UIInterfaceOrientationLandscapeRight";
				INFOPLIST_KEY_UISupportedInterfaceOrientations_iPhone = "UIInterfaceOrientationPortrait UIInterfaceOrientationLandscapeLeft UIInterfaceOrientationLandscapeRight";
				LD_RUNPATH_SEARCH_PATHS = (
					"$(inherited)",
					"@executable_path/Frameworks",
				);
				MARKETING_VERSION = 1.0;
				PRODUCT_BUNDLE_IDENTIFIER = ezguga.instHWWWW;
				PRODUCT_NAME = "$(TARGET_NAME)";
				SWIFT_EMIT_LOC_STRINGS = YES;
				SWIFT_VERSION = 5.0;
				TARGETED_DEVICE_FAMILY = "1,2";
			};
			name = Release;
		};
/* End XCBuildConfiguration section */

/* Begin XCConfigurationList section */
		71FB27DE290141D1001E6D15 /* Build configuration list for PBXProject "instHWWWW" */ = {
			isa = XCConfigurationList;
			buildConfigurations = (
				71FB27F5290141D2001E6D15 /* Debug */,
				71FB27F6290141D2001E6D15 /* Release */,
			);
			defaultConfigurationIsVisible = 0;
			defaultConfigurationName = Release;
		};
		71FB27F7290141D2001E6D15 /* Build configuration list for PBXNativeTarget "instHWWWW" */ = {
			isa = XCConfigurationList;
			buildConfigurations = (
				71FB27F8290141D2001E6D15 /* Debug */,
				71FB27F9290141D2001E6D15 /* Release */,
			);
			defaultConfigurationIsVisible = 0;
			defaultConfigurationName = Release;
		};
/* End XCConfigurationList section */
	};
	rootObject = 71FB27DB290141D1001E6D15 /* Project object */;
}
